
Microsoft Visual Studio Solution File, Format Version 12.00
# Visual Studio Version 17
VisualStudioVersion = 17.14.37203.1 d17.14
MinimumVisualStudioVersion = 10.0.40219.1
Project("{FAE04EC0-301F-11D3-BF4B-00C04F79EFBC}") = "GymSystem", "GymSystem.csproj", "{D60A92B5-6960-4F64-BEB4-F764CDE3F2D7}"
EndProject
Global
	GlobalSection(SolutionConfigurationPlatforms) = preSolution
		Debug|Any CPU = Debug|Any CPU
		Release|Any CPU = Release|Any CPU
	EndGlobalSection
	GlobalSection(ProjectConfigurationPlatforms) = postSolution
		{D60A92B5-6960-4F64-BEB4-F764CDE3F2D7}.Debug|Any CPU.ActiveCfg = Debug|Any CPU
		{D60A92B5-6960-4F64-BEB4-F764CDE3F2D7}.Debug|Any CPU.Build.0 = Debug|Any CPU
		{D60A92B5-6960-4F64-BEB4-F764CDE3F2D7}.Release|Any CPU.ActiveCfg = Release|Any CPU
		{D60A92B5-6960-4F64-BEB4-F764CDE3F2D7}.Release|Any CPU.Build.0 = Release|Any CPU
	EndGlobalSection
	GlobalSection(SolutionProperties) = preSolution
		HideSolutionNode = FALSE
	EndGlobalSection
	GlobalSection(ExtensibilityGlobals) = postSolution
		SolutionGuid = {78348982-EF34-47DB-BB16-716817A05656}
	EndGlobalSection
EndGlobal
